
Microsoft Visual Studio Solution File, Format Version 12.00
# Visual Studio Version 17
VisualStudioVersion = 17.13.35919.96 d17.13
MinimumVisualStudioVersion = 10.0.40219.1
Project("{FAE04EC0-301F-11D3-BF4B-00C04F79EFBC}") = "LoginPage", "LoginPage\LoginPage.csproj", "{6DF3FE4C-70E0-4B25-93C5-6614931A49FF}"
EndProject
Global
	GlobalSection(SolutionConfigurationPlatforms) = preSolution
		Debug|Any CPU = Debug|Any CPU
		Release|Any CPU = Release|Any CPU
	EndGlobalSection
	GlobalSection(ProjectConfigurationPlatforms) = postSolution
		{6DF3FE4C-70E0-4B25-93C5-6614931A49FF}.Debug|Any CPU.ActiveCfg = Debug|Any CPU
		{6DF3FE4C-70E0-4B25-93C5-6614931A49FF}.Debug|Any CPU.Build.0 = Debug|Any CPU
		{6DF3FE4C-70E0-4B25-93C5-6614931A49FF}.Release|Any CPU.ActiveCfg = Release|Any CPU
		{6DF3FE4C-70E0-4B25-93C5-6614931A49FF}.Release|Any CPU.Build.0 = Release|Any CPU
	EndGlobalSection
	GlobalSection(SolutionProperties) = preSolution
		HideSolutionNode = FALSE
	EndGlobalSection
	GlobalSection(ExtensibilityGlobals) = postSolution
		SolutionGuid = {06C2657A-82C5-4AF5-91DB-E89D513A2B4B}
	EndGlobalSection
EndGlobal
